
Microsoft Visual Studio Solution File, Format Version 12.00
# Visual Studio Version 17
VisualStudioVersion = 17.0.32014.148
MinimumVisualStudioVersion = 10.0.40219.1
Project("{FAE04EC0-301F-11D3-BF4B-00C04F79EFBC}") = "PizzaProject", "PizzaProject.csproj", "{6344F35D-DF57-49A5-8B31-ABE71D6CC449}"
EndProject
Project("{54435603-DBB4-11D2-8724-00A0C9A8B90C}") = "Setup1", "..\Setup1\Setup1.vdproj", "{1673E9F4-0B68-4902-AD7C-14533A3AEF97}"
EndProject
Global
	GlobalSection(SolutionConfigurationPlatforms) = preSolution
		Debug|Any CPU = Debug|Any CPU
		Release|Any CPU = Release|Any CPU
	EndGlobalSection
	GlobalSection(ProjectConfigurationPlatforms) = postSolution
		{6344F35D-DF57-49A5-8B31-ABE71D6CC449}.Debug|Any CPU.ActiveCfg = Debug|Any CPU
		{6344F35D-DF57-49A5-8B31-ABE71D6CC449}.Debug|Any CPU.Build.0 = Debug|Any CPU
		{6344F35D-DF57-49A5-8B31-ABE71D6CC449}.Release|Any CPU.ActiveCfg = Release|Any CPU
		{6344F35D-DF57-49A5-8B31-ABE71D6CC449}.Release|Any CPU.Build.0 = Release|Any CPU
		{1673E9F4-0B68-4902-AD7C-14533A3AEF97}.Debug|Any CPU.ActiveCfg = Debug
		{1673E9F4-0B68-4902-AD7C-14533A3AEF97}.Release|Any CPU.ActiveCfg = Release
	EndGlobalSection
	GlobalSection(SolutionProperties) = preSolution
		HideSolutionNode = FALSE
	EndGlobalSection
	GlobalSection(ExtensibilityGlobals) = postSolution
		SolutionGuid = {3EF3C105-BB09-448D-9930-B103C8213268}
	EndGlobalSection
EndGlobal
